
Microsoft Visual Studio Solution File, Format Version 12.00
# Visual Studio Version 17
VisualStudioVersion = 17.7.34031.279
MinimumVisualStudioVersion = 10.0.40219.1
Project("{FAE04EC0-301F-11D3-BF4B-00C04F79EFBC}") = "TP2JuanChavez", "TP2JuanChavez\TP2JuanChavez.csproj", "{BF20A275-0557-4475-83E7-BD173C42C044}"
EndProject
Global
	GlobalSection(SolutionConfigurationPlatforms) = preSolution
		Debug|Any CPU = Debug|Any CPU
		Release|Any CPU = Release|Any CPU
	EndGlobalSection
	GlobalSection(ProjectConfigurationPlatforms) = postSolution
		{BF20A275-0557-4475-83E7-BD173C42C044}.Debug|Any CPU.ActiveCfg = Debug|Any CPU
		{BF20A275-0557-4475-83E7-BD173C42C044}.Debug|Any CPU.Build.0 = Debug|Any CPU
		{BF20A275-0557-4475-83E7-BD173C42C044}.Release|Any CPU.ActiveCfg = Release|Any CPU
		{BF20A275-0557-4475-83E7-BD173C42C044}.Release|Any CPU.Build.0 = Release|Any CPU
	EndGlobalSection
	GlobalSection(SolutionProperties) = preSolution
		HideSolutionNode = FALSE
	EndGlobalSection
	GlobalSection(ExtensibilityGlobals) = postSolution
		SolutionGuid = {C1044B60-6CE9-43A7-9959-FAE7C25EB16D}
	EndGlobalSection
EndGlobal
